
Microsoft Visual Studio Solution File, Format Version 12.00
# Visual Studio Version 17
VisualStudioVersion = 17.13.35825.156 d17.13
MinimumVisualStudioVersion = 10.0.40219.1
Project("{FAE04EC0-301F-11D3-BF4B-00C04F79EFBC}") = "intoMuddyWaters", "intoMuddyWaters\intoMuddyWaters.csproj", "{06167DF6-90E1-4D86-96C1-6848B10F7EE3}"
EndProject
Global
	GlobalSection(SolutionConfigurationPlatforms) = preSolution
		Debug|Any CPU = Debug|Any CPU
		Release|Any CPU = Release|Any CPU
	EndGlobalSection
	GlobalSection(ProjectConfigurationPlatforms) = postSolution
		{06167DF6-90E1-4D86-96C1-6848B10F7EE3}.Debug|Any CPU.ActiveCfg = Debug|Any CPU
		{06167DF6-90E1-4D86-96C1-6848B10F7EE3}.Debug|Any CPU.Build.0 = Debug|Any CPU
		{06167DF6-90E1-4D86-96C1-6848B10F7EE3}.Release|Any CPU.ActiveCfg = Release|Any CPU
		{06167DF6-90E1-4D86-96C1-6848B10F7EE3}.Release|Any CPU.Build.0 = Release|Any CPU
	EndGlobalSection
	GlobalSection(SolutionProperties) = preSolution
		HideSolutionNode = FALSE
	EndGlobalSection
	GlobalSection(ExtensibilityGlobals) = postSolution
		SolutionGuid = {7C9A95C1-6E60-48F3-A611-5AABE2BF1A43}
	EndGlobalSection
EndGlobal
